
Microsoft Visual Studio Solution File, Format Version 12.00
# Visual Studio Version 17
VisualStudioVersion = 17.14.36414.22
MinimumVisualStudioVersion = 10.0.40219.1
Project("{FAE04EC0-301F-11D3-BF4B-00C04F79EFBC}") = "ABCRetailers", "ABCRetailers.csproj", "{1EF96DBA-9DF5-4BDD-A214-25F5BD9637A1}"
EndProject
Project("{FAE04EC0-301F-11D3-BF4B-00C04F79EFBC}") = "Functions", "..\Functions\Functions.csproj", "{8A378BD3-21B9-BC00-129D-07B147CDB186}"
EndProject
Global
	GlobalSection(SolutionConfigurationPlatforms) = preSolution
		Debug|Any CPU = Debug|Any CPU
		Release|Any CPU = Release|Any CPU
	EndGlobalSection
	GlobalSection(ProjectConfigurationPlatforms) = postSolution
		{1EF96DBA-9DF5-4BDD-A214-25F5BD9637A1}.Debug|Any CPU.ActiveCfg = Debug|Any CPU
		{1EF96DBA-9DF5-4BDD-A214-25F5BD9637A1}.Debug|Any CPU.Build.0 = Debug|Any CPU
		{1EF96DBA-9DF5-4BDD-A214-25F5BD9637A1}.Release|Any CPU.ActiveCfg = Release|Any CPU
		{1EF96DBA-9DF5-4BDD-A214-25F5BD9637A1}.Release|Any CPU.Build.0 = Release|Any CPU
		{8A378BD3-21B9-BC00-129D-07B147CDB186}.Debug|Any CPU.ActiveCfg = Debug|Any CPU
		{8A378BD3-21B9-BC00-129D-07B147CDB186}.Debug|Any CPU.Build.0 = Debug|Any CPU
		{8A378BD3-21B9-BC00-129D-07B147CDB186}.Release|Any CPU.ActiveCfg = Release|Any CPU
		{8A378BD3-21B9-BC00-129D-07B147CDB186}.Release|Any CPU.Build.0 = Release|Any CPU
	EndGlobalSection
	GlobalSection(SolutionProperties) = preSolution
		HideSolutionNode = FALSE
	EndGlobalSection
	GlobalSection(ExtensibilityGlobals) = postSolution
		SolutionGuid = {63FA7CB6-8946-49A1-8176-742499A7B584}
	EndGlobalSection
EndGlobal
